
Microsoft Visual Studio Solution File, Format Version 12.00
# Visual Studio 15
VisualStudioVersion = 15.0.27004.2010
MinimumVisualStudioVersion = 10.0.40219.1
Project("{9A19103F-16F7-4668-BE54-9A1E7A4F7556}") = "Hotel.Web", "Hotel.Web\Hotel.Web.csproj", "{5BF83F4B-3681-4BFA-AE9F-526852F10678}"
EndProject
Project("{9A19103F-16F7-4668-BE54-9A1E7A4F7556}") = "Hotel.Web.Core", "Hotel.Web.Core\Hotel.Web.Core.csproj", "{9B245DC6-D175-4E08-91D0-1AF2871686A1}"
EndProject
Project("{9A19103F-16F7-4668-BE54-9A1E7A4F7556}") = "Hotel.Web.Infrastructure", "Hotel.Web.Infrastructure\Hotel.Web.Infrastructure.csproj", "{EB8B8274-030E-440E-AC36-4F7AB3E2E4C6}"
EndProject
Project("{2150E333-8FDC-42A3-9474-1A3956D46DE8}") = "Solution Items", "Solution Items", "{E4DAE455-6F60-4EA7-9B70-3A9A6FE419B4}"
	ProjectSection(SolutionItems) = preProject
		.gitattributes = .gitattributes
		.gitignore = .gitignore
	EndProjectSection
EndProject
Project("{FAE04EC0-301F-11D3-BF4B-00C04F79EFBC}") = "Hotel.Web.Tests", "Hotel.Web.Tests\Hotel.Web.Tests.csproj", "{0DB40B1F-8699-404D-AC4E-2C7B981866F1}"
EndProject
Global
	GlobalSection(SolutionConfigurationPlatforms) = preSolution
		Debug|Any CPU = Debug|Any CPU
		Release|Any CPU = Release|Any CPU
	EndGlobalSection
	GlobalSection(ProjectConfigurationPlatforms) = postSolution
		{5BF83F4B-3681-4BFA-AE9F-526852F10678}.Debug|Any CPU.ActiveCfg = Debug|Any CPU
		{5BF83F4B-3681-4BFA-AE9F-526852F10678}.Debug|Any CPU.Build.0 = Debug|Any CPU
		{5BF83F4B-3681-4BFA-AE9F-526852F10678}.Release|Any CPU.ActiveCfg = Release|Any CPU
		{5BF83F4B-3681-4BFA-AE9F-526852F10678}.Release|Any CPU.Build.0 = Release|Any CPU
		{9B245DC6-D175-4E08-91D0-1AF2871686A1}.Debug|Any CPU.ActiveCfg = Debug|Any CPU
		{9B245DC6-D175-4E08-91D0-1AF2871686A1}.Debug|Any CPU.Build.0 = Debug|Any CPU
		{9B245DC6-D175-4E08-91D0-1AF2871686A1}.Release|Any CPU.ActiveCfg = Release|Any CPU
		{9B245DC6-D175-4E08-91D0-1AF2871686A1}.Release|Any CPU.Build.0 = Release|Any CPU
		{EB8B8274-030E-440E-AC36-4F7AB3E2E4C6}.Debug|Any CPU.ActiveCfg = Debug|Any CPU
		{EB8B8274-030E-440E-AC36-4F7AB3E2E4C6}.Debug|Any CPU.Build.0 = Debug|Any CPU
		{EB8B8274-030E-440E-AC36-4F7AB3E2E4C6}.Release|Any CPU.ActiveCfg = Release|Any CPU
		{EB8B8274-030E-440E-AC36-4F7AB3E2E4C6}.Release|Any CPU.Build.0 = Release|Any CPU
		{0DB40B1F-8699-404D-AC4E-2C7B981866F1}.Debug|Any CPU.ActiveCfg = Debug|Any CPU
		{0DB40B1F-8699-404D-AC4E-2C7B981866F1}.Debug|Any CPU.Build.0 = Debug|Any CPU
		{0DB40B1F-8699-404D-AC4E-2C7B981866F1}.Release|Any CPU.ActiveCfg = Release|Any CPU
		{0DB40B1F-8699-404D-AC4E-2C7B981866F1}.Release|Any CPU.Build.0 = Release|Any CPU
	EndGlobalSection
	GlobalSection(SolutionProperties) = preSolution
		HideSolutionNode = FALSE
	EndGlobalSection
	GlobalSection(ExtensibilityGlobals) = postSolution
		SolutionGuid = {CEEB4B12-64BD-4E35-BD16-5D81C1E50BC4}
	EndGlobalSection
EndGlobal
